
Microsoft Visual Studio Solution File, Format Version 12.00
# Visual Studio Version 17
VisualStudioVersion = 17.5.33414.496
MinimumVisualStudioVersion = 10.0.40219.1
Project("{9A19103F-16F7-4668-BE54-9A1E7A4F7556}") = "BankSystem", "BankSystem\BankSystem.csproj", "{882A110B-B84A-47E7-83C9-373379FBAA31}"
EndProject
Project("{FAE04EC0-301F-11D3-BF4B-00C04F79EFBC}") = "BankSystem.Tests", "BankSystem.Tests\BankSystem.Tests.csproj", "{CFDA70EB-ED3C-43B5-8B94-CC2EF7095C36}"
EndProject
Global
	GlobalSection(SolutionConfigurationPlatforms) = preSolution
		Debug|Any CPU = Debug|Any CPU
		Release|Any CPU = Release|Any CPU
	EndGlobalSection
	GlobalSection(ProjectConfigurationPlatforms) = postSolution
		{882A110B-B84A-47E7-83C9-373379FBAA31}.Debug|Any CPU.ActiveCfg = Debug|Any CPU
		{882A110B-B84A-47E7-83C9-373379FBAA31}.Debug|Any CPU.Build.0 = Debug|Any CPU
		{882A110B-B84A-47E7-83C9-373379FBAA31}.Release|Any CPU.ActiveCfg = Release|Any CPU
		{882A110B-B84A-47E7-83C9-373379FBAA31}.Release|Any CPU.Build.0 = Release|Any CPU
		{CFDA70EB-ED3C-43B5-8B94-CC2EF7095C36}.Debug|Any CPU.ActiveCfg = Debug|Any CPU
		{CFDA70EB-ED3C-43B5-8B94-CC2EF7095C36}.Debug|Any CPU.Build.0 = Debug|Any CPU
		{CFDA70EB-ED3C-43B5-8B94-CC2EF7095C36}.Release|Any CPU.ActiveCfg = Release|Any CPU
		{CFDA70EB-ED3C-43B5-8B94-CC2EF7095C36}.Release|Any CPU.Build.0 = Release|Any CPU
	EndGlobalSection
	GlobalSection(SolutionProperties) = preSolution
		HideSolutionNode = FALSE
	EndGlobalSection
	GlobalSection(ExtensibilityGlobals) = postSolution
		SolutionGuid = {FDAC39C8-C04F-453E-93E5-33D47A24DAB2}
	EndGlobalSection
EndGlobal